// !$*UTF8*$!
{
	archiveVersion = 1;
	classes = {
	};
	objectVersion = 50;
	objects = {

/* Begin PBXBuildFile section */
		C34FF2D326BA9AA0005B1C6D /* DemoLikertScaleAppApp.swift in Sources */ = {isa = PBXBuildFile; fileRef = C34FF2C026BA9A9E005B1C6D /* DemoLikertScaleAppApp.swift */; };
		C34FF2D426BA9AA0005B1C6D /* DemoLikertScaleAppApp.swift in Sources */ = {isa = PBXBuildFile; fileRef = C34FF2C026BA9A9E005B1C6D /* DemoLikertScaleAppApp.swift */; };
		C34FF2D526BA9AA0005B1C6D /* ContentView.swift in Sources */ = {isa = PBXBuildFile; fileRef = C34FF2C126BA9A9E005B1C6D /* ContentView.swift */; };
		C34FF2D626BA9AA0005B1C6D /* ContentView.swift in Sources */ = {isa = PBXBuildFile; fileRef = C34FF2C126BA9A9E005B1C6D /* ContentView.swift */; };
		C34FF2D726BA9AA0005B1C6D /* Assets.xcassets in Resources */ = {isa = PBXBuildFile; fileRef = C34FF2C226BA9AA0005B1C6D /* Assets.xcassets */; };
		C34FF2D826BA9AA0005B1C6D /* Assets.xcassets in Resources */ = {isa = PBXBuildFile; fileRef = C34FF2C226BA9AA0005B1C6D /* Assets.xcassets */; };
		C34FF2E426BA9C07005B1C6D /* NPLikertSlider.swift in Sources */ = {isa = PBXBuildFile; fileRef = C34FF2E326BA9C07005B1C6D /* NPLikertSlider.swift */; };
		C34FF2E526BA9C07005B1C6D /* NPLikertSlider.swift in Sources */ = {isa = PBXBuildFile; fileRef = C34FF2E326BA9C07005B1C6D /* NPLikertSlider.swift */; };
		C35810BD26BBF6F7009C4A98 /* NpMoodScale.swift in Sources */ = {isa = PBXBuildFile; fileRef = C35810BC26BBF6F7009C4A98 /* NpMoodScale.swift */; };
		C35810BE26BBF6F7009C4A98 /* NpMoodScale.swift in Sources */ = {isa = PBXBuildFile; fileRef = C35810BC26BBF6F7009C4A98 /* NpMoodScale.swift */; };
		C35810C226BBFCF6009C4A98 /* ColoredSliderGraph.swift in Sources */ = {isa = PBXBuildFile; fileRef = C35810C126BBFCF6009C4A98 /* ColoredSliderGraph.swift */; };
		C35810C326BBFCF6009C4A98 /* ColoredSliderGraph.swift in Sources */ = {isa = PBXBuildFile; fileRef = C35810C126BBFCF6009C4A98 /* ColoredSliderGraph.swift */; };
/* End PBXBuildFile section */

/* Begin PBXFileReference section */
		C34FF2C026BA9A9E005B1C6D /* DemoLikertScaleAppApp.swift */ = {isa = PBXFileReference; lastKnownFileType = sourcecode.swift; path = DemoLikertScaleAppApp.swift; sourceTree = "<group>"; };
		C34FF2C126BA9A9E005B1C6D /* ContentView.swift */ = {isa = PBXFileReference; lastKnownFileType = sourcecode.swift; path = ContentView.swift; sourceTree = "<group>"; };
		C34FF2C226BA9AA0005B1C6D /* Assets.xcassets */ = {isa = PBXFileReference; lastKnownFileType = folder.assetcatalog; path = Assets.xcassets; sourceTree = "<group>"; };
		C34FF2C726BA9AA0005B1C6D /* DemoLikertScaleApp.app */ = {isa = PBXFileReference; explicitFileType = wrapper.application; includeInIndex = 0; path = DemoLikertScaleApp.app; sourceTree = BUILT_PRODUCTS_DIR; };
		C34FF2CA26BA9AA0005B1C6D /* Info.plist */ = {isa = PBXFileReference; lastKnownFileType = text.plist.xml; path = Info.plist; sourceTree = "<group>"; };
		C34FF2CF26BA9AA0005B1C6D /* DemoLikertScaleApp.app */ = {isa = PBXFileReference; explicitFileType = wrapper.application; includeInIndex = 0; path = DemoLikertScaleApp.app; sourceTree = BUILT_PRODUCTS_DIR; };
		C34FF2D126BA9AA0005B1C6D /* Info.plist */ = {isa = PBXFileReference; lastKnownFileType = text.plist.xml; path = Info.plist; sourceTree = "<group>"; };
		C34FF2D226BA9AA0005B1C6D /* macOS.entitlements */ = {isa = PBXFileReference; lastKnownFileType = text.plist.entitlements; path = macOS.entitlements; sourceTree = "<group>"; };
		C34FF2E326BA9C07005B1C6D /* NPLikertSlider.swift */ = {isa = PBXFileReference; fileEncoding = 4; lastKnownFileType = sourcecode.swift; path = NPLikertSlider.swift; sourceTree = "<group>"; };
		C35810BC26BBF6F7009C4A98 /* NpMoodScale.swift */ = {isa = PBXFileReference; fileEncoding = 4; lastKnownFileType = sourcecode.swift; path = NpMoodScale.swift; sourceTree = "<group>"; };
		C35810C126BBFCF6009C4A98 /* ColoredSliderGraph.swift */ = {isa = PBXFileReference; fileEncoding = 4; lastKnownFileType = sourcecode.swift; path = ColoredSliderGraph.swift; sourceTree = "<group>"; };
/* End PBXFileReference section */

/* Begin PBXFrameworksBuildPhase section */
		C34FF2C426BA9AA0005B1C6D /* Frameworks */ = {
			isa = PBXFrameworksBuildPhase;
			buildActionMask = 2147483647;
			files = (
			);
			runOnlyForDeploymentPostprocessing = 0;
		};
		C34FF2CC26BA9AA0005B1C6D /* Frameworks */ = {
			isa = PBXFrameworksBuildPhase;
			buildActionMask = 2147483647;
			files = (
			);
			runOnlyForDeploymentPostprocessing = 0;
		};
/* End PBXFrameworksBuildPhase section */

/* Begin PBXGroup section */
		C34FF2BA26BA9A9E005B1C6D = {
			isa = PBXGroup;
			children = (
				C34FF2BF26BA9A9E005B1C6D /* Shared */,
				C34FF2C926BA9AA0005B1C6D /* iOS */,
				C34FF2D026BA9AA0005B1C6D /* macOS */,
				C34FF2C826BA9AA0005B1C6D /* Products */,
			);
			sourceTree = "<group>";
		};
		C34FF2BF26BA9A9E005B1C6D /* Shared */ = {
			isa = PBXGroup;
			children = (
				C35810C126BBFCF6009C4A98 /* ColoredSliderGraph.swift */,
				C35810BC26BBF6F7009C4A98 /* NpMoodScale.swift */,
				C34FF2E326BA9C07005B1C6D /* NPLikertSlider.swift */,
				C34FF2C026BA9A9E005B1C6D /* DemoLikertScaleAppApp.swift */,
				C34FF2C126BA9A9E005B1C6D /* ContentView.swift */,
				C34FF2C226BA9AA0005B1C6D /* Assets.xcassets */,
			);
			path = Shared;
			sourceTree = "<group>";
		};
		C34FF2C826BA9AA0005B1C6D /* Products */ = {
			isa = PBXGroup;
			children = (
				C34FF2C726BA9AA0005B1C6D /* DemoLikertScaleApp.app */,
				C34FF2CF26BA9AA0005B1C6D /* DemoLikertScaleApp.app */,
			);
			name = Products;
			sourceTree = "<group>";
		};
		C34FF2C926BA9AA0005B1C6D /* iOS */ = {
			isa = PBXGroup;
			children = (
				C34FF2CA26BA9AA0005B1C6D /* Info.plist */,
			);
			path = iOS;
			sourceTree = "<group>";
		};
		C34FF2D026BA9AA0005B1C6D /* macOS */ = {
			isa = PBXGroup;
			children = (
				C34FF2D126BA9AA0005B1C6D /* Info.plist */,
				C34FF2D226BA9AA0005B1C6D /* macOS.entitlements */,
			);
			path = macOS;
			sourceTree = "<group>";
		};
/* End PBXGroup section */

/* Begin PBXNativeTarget section */
		C34FF2C626BA9AA0005B1C6D /* DemoLikertScaleApp (iOS) */ = {
			isa = PBXNativeTarget;
			buildConfigurationList = C34FF2DB26BA9AA0005B1C6D /* Build configuration list for PBXNativeTarget "DemoLikertScaleApp (iOS)" */;
			buildPhases = (
				C34FF2C326BA9AA0005B1C6D /* Sources */,
				C34FF2C426BA9AA0005B1C6D /* Frameworks */,
				C34FF2C526BA9AA0005B1C6D /* Resources */,
			);
			buildRules = (
			);
			dependencies = (
			);
			name = "DemoLikertScaleApp (iOS)";
			productName = "DemoLikertScaleApp (iOS)";
			productReference = C34FF2C726BA9AA0005B1C6D /* DemoLikertScaleApp.app */;
			productType = "com.apple.product-type.application";
		};
		C34FF2CE26BA9AA0005B1C6D /* DemoLikertScaleApp (macOS) */ = {
			isa = PBXNativeTarget;
			buildConfigurationList = C34FF2DE26BA9AA0005B1C6D /* Build configuration list for PBXNativeTarget "DemoLikertScaleApp (macOS)" */;
			buildPhases = (
				C34FF2CB26BA9AA0005B1C6D /* Sources */,
				C34FF2CC26BA9AA0005B1C6D /* Frameworks */,
				C34FF2CD26BA9AA0005B1C6D /* Resources */,
			);
			buildRules = (
			);
			dependencies = (
			);
			name = "DemoLikertScaleApp (macOS)";
			productName = "DemoLikertScaleApp (macOS)";
			productReference = C34FF2CF26BA9AA0005B1C6D /* DemoLikertScaleApp.app */;
			productType = "com.apple.product-type.application";
		};
/* End PBXNativeTarget section */

/* Begin PBXProject section */
		C34FF2BB26BA9A9E005B1C6D /* Project object */ = {
			isa = PBXProject;
			attributes = {
				LastSwiftUpdateCheck = 1240;
				LastUpgradeCheck = 1240;
				TargetAttributes = {
					C34FF2C626BA9AA0005B1C6D = {
						CreatedOnToolsVersion = 12.4;
					};
					C34FF2CE26BA9AA0005B1C6D = {
						CreatedOnToolsVersion = 12.4;
					};
				};
			};
			buildConfigurationList = C34FF2BE26BA9A9E005B1C6D /* Build configuration list for PBXProject "DemoLikertScaleApp" */;
			compatibilityVersion = "Xcode 9.3";
			developmentRegion = en;
			hasScannedForEncodings = 0;
			knownRegions = (
				en,
				Base,
			);
			mainGroup = C34FF2BA26BA9A9E005B1C6D;
			productRefGroup = C34FF2C826BA9AA0005B1C6D /* Products */;
			projectDirPath = "";
			projectRoot = "";
			targets = (
				C34FF2C626BA9AA0005B1C6D /* DemoLikertScaleApp (iOS) */,
				C34FF2CE26BA9AA0005B1C6D /* DemoLikertScaleApp (macOS) */,
			);
		};
/* End PBXProject section */

/* Begin PBXResourcesBuildPhase section */
		C34FF2C526BA9AA0005B1C6D /* Resources */ = {
			isa = PBXResourcesBuildPhase;
			buildActionMask = 2147483647;
			files = (
				C34FF2D726BA9AA0005B1C6D /* Assets.xcassets in Resources */,
			);
			runOnlyForDeploymentPostprocessing = 0;
		};
		C34FF2CD26BA9AA0005B1C6D /* Resources */ = {
			isa = PBXResourcesBuildPhase;
			buildActionMask = 2147483647;
			files = (
				C34FF2D826BA9AA0005B1C6D /* Assets.xcassets in Resources */,
			);
			runOnlyForDeploymentPostprocessing = 0;
		};
/* End PBXResourcesBuildPhase section */

/* Begin PBXSourcesBuildPhase section */
		C34FF2C326BA9AA0005B1C6D /* Sources */ = {
			isa = PBXSourcesBuildPhase;
			buildActionMask = 2147483647;
			files = (
				C34FF2D526BA9AA0005B1C6D /* ContentView.swift in Sources */,
				C35810BD26BBF6F7009C4A98 /* NpMoodScale.swift in Sources */,
				C35810C226BBFCF6009C4A98 /* ColoredSliderGraph.swift in Sources */,
				C34FF2D326BA9AA0005B1C6D /* DemoLikertScaleAppApp.swift in Sources */,
				C34FF2E426BA9C07005B1C6D /* NPLikertSlider.swift in Sources */,
			);
			runOnlyForDeploymentPostprocessing = 0;
		};
		C34FF2CB26BA9AA0005B1C6D /* Sources */ = {
			isa = PBXSourcesBuildPhase;
			buildActionMask = 2147483647;
			files = (
				C34FF2D626BA9AA0005B1C6D /* ContentView.swift in Sources */,
				C35810BE26BBF6F7009C4A98 /* NpMoodScale.swift in Sources */,
				C35810C326BBFCF6009C4A98 /* ColoredSliderGraph.swift in Sources */,
				C34FF2D426BA9AA0005B1C6D /* DemoLikertScaleAppApp.swift in Sources */,
				C34FF2E526BA9C07005B1C6D /* NPLikertSlider.swift in Sources */,
			);
			runOnlyForDeploymentPostprocessing = 0;
		};
/* End PBXSourcesBuildPhase section */

/* Begin XCBuildConfiguration section */
		C34FF2D926BA9AA0005B1C6D /* Debug */ = {
			isa = XCBuildConfiguration;
			buildSettings = {
				ALWAYS_SEARCH_USER_PATHS = NO;
				CLANG_ANALYZER_NONNULL = YES;
				CLANG_ANALYZER_NUMBER_OBJECT_CONVERSION = YES_AGGRESSIVE;
				CLANG_CXX_LANGUAGE_STANDARD = "gnu++14";
				CLANG_CXX_LIBRARY = "libc++";
				CLANG_ENABLE_MODULES = YES;
				CLANG_ENABLE_OBJC_ARC = YES;
				CLANG_ENABLE_OBJC_WEAK = YES;
				CLANG_WARN_BLOCK_CAPTURE_AUTORELEASING = YES;
				CLANG_WARN_BOOL_CONVERSION = YES;
				CLANG_WARN_COMMA = YES;
				CLANG_WARN_CONSTANT_CONVERSION = YES;
				CLANG_WARN_DEPRECATED_OBJC_IMPLEMENTATIONS = YES;
				CLANG_WARN_DIRECT_OBJC_ISA_USAGE = YES_ERROR;
				CLANG_WARN_DOCUMENTATION_COMMENTS = YES;
				CLANG_WARN_EMPTY_BODY = YES;
				CLANG_WARN_ENUM_CONVERSION = YES;
				CLANG_WARN_INFINITE_RECURSION = YES;
				CLANG_WARN_INT_CONVERSION = YES;
				CLANG_WARN_NON_LITERAL_NULL_CONVERSION = YES;
				CLANG_WARN_OBJC_IMPLICIT_RETAIN_SELF = YES;
				CLANG_WARN_OBJC_LITERAL_CONVERSION = YES;
				CLANG_WARN_OBJC_ROOT_CLASS = YES_ERROR;
				CLANG_WARN_QUOTED_INCLUDE_IN_FRAMEWORK_HEADER = YES;
				CLANG_WARN_RANGE_LOOP_ANALYSIS = YES;
				CLANG_WARN_STRICT_PROTOTYPES = YES;
				CLANG_WARN_SUSPICIOUS_MOVE = YES;
				CLANG_WARN_UNGUARDED_AVAILABILITY = YES_AGGRESSIVE;
				CLANG_WARN_UNREACHABLE_CODE = YES;
				CLANG_WARN__DUPLICATE_METHOD_MATCH = YES;
				COPY_PHASE_STRIP = NO;
				DEBUG_INFORMATION_FORMAT = dwarf;
				ENABLE_STRICT_OBJC_MSGSEND = YES;
				ENABLE_TESTABILITY = YES;
				GCC_C_LANGUAGE_STANDARD = gnu11;
				GCC_DYNAMIC_NO_PIC = NO;
				GCC_NO_COMMON_BLOCKS = YES;
				GCC_OPTIMIZATION_LEVEL = 0;
				GCC_PREPROCESSOR_DEFINITIONS = (
					"DEBUG=1",
					"$(inherited)",
				);
				GCC_WARN_64_TO_32_BIT_CONVERSION = YES;
				GCC_WARN_ABOUT_RETURN_TYPE = YES_ERROR;
				GCC_WARN_UNDECLARED_SELECTOR = YES;
				GCC_WARN_UNINITIALIZED_AUTOS = YES_AGGRESSIVE;
				GCC_WARN_UNUSED_FUNCTION = YES;
				GCC_WARN_UNUSED_VARIABLE = YES;
				MTL_ENABLE_DEBUG_INFO = INCLUDE_SOURCE;
				MTL_FAST_MATH = YES;
				ONLY_ACTIVE_ARCH = YES;
				SWIFT_ACTIVE_COMPILATION_CONDITIONS = DEBUG;
				SWIFT_OPTIMIZATION_LEVEL = "-Onone";
			};
			name = Debug;
		};
		C34FF2DA26BA9AA0005B1C6D /* Release */ = {
			isa = XCBuildConfiguration;
			buildSettings = {
				ALWAYS_SEARCH_USER_PATHS = NO;
				CLANG_ANALYZER_NONNULL = YES;
				CLANG_ANALYZER_NUMBER_OBJECT_CONVERSION = YES_AGGRESSIVE;
				CLANG_CXX_LANGUAGE_STANDARD = "gnu++14";
				CLANG_CXX_LIBRARY = "libc++";
				CLANG_ENABLE_MODULES = YES;
				CLANG_ENABLE_OBJC_ARC = YES;
				CLANG_ENABLE_OBJC_WEAK = YES;
				CLANG_WARN_BLOCK_CAPTURE_AUTORELEASING = YES;
				CLANG_WARN_BOOL_CONVERSION = YES;
				CLANG_WARN_COMMA = YES;
				CLANG_WARN_CONSTANT_CONVERSION = YES;
				CLANG_WARN_DEPRECATED_OBJC_IMPLEMENTATIONS = YES;
				CLANG_WARN_DIRECT_OBJC_ISA_USAGE = YES_ERROR;
				CLANG_WARN_DOCUMENTATION_COMMENTS = YES;
				CLANG_WARN_EMPTY_BODY = YES;
				CLANG_WARN_ENUM_CONVERSION = YES;
				CLANG_WARN_INFINITE_RECURSION = YES;
				CLANG_WARN_INT_CONVERSION = YES;
				CLANG_WARN_NON_LITERAL_NULL_CONVERSION = YES;
				CLANG_WARN_OBJC_IMPLICIT_RETAIN_SELF = YES;
				CLANG_WARN_OBJC_LITERAL_CONVERSION = YES;
				CLANG_WARN_OBJC_ROOT_CLASS = YES_ERROR;
				CLANG_WARN_QUOTED_INCLUDE_IN_FRAMEWORK_HEADER = YES;
				CLANG_WARN_RANGE_LOOP_ANALYSIS = YES;
				CLANG_WARN_STRICT_PROTOTYPES = YES;
				CLANG_WARN_SUSPICIOUS_MOVE = YES;
				CLANG_WARN_UNGUARDED_AVAILABILITY = YES_AGGRESSIVE;
				CLANG_WARN_UNREACHABLE_CODE = YES;
				CLANG_WARN__DUPLICATE_METHOD_MATCH = YES;
				COPY_PHASE_STRIP = NO;
				DEBUG_INFORMATION_FORMAT = "dwarf-with-dsym";
				ENABLE_NS_ASSERTIONS = NO;
				ENABLE_STRICT_OBJC_MSGSEND = YES;
				GCC_C_LANGUAGE_STANDARD = gnu11;
				GCC_NO_COMMON_BLOCKS = YES;
				GCC_WARN_64_TO_32_BIT_CONVERSION = YES;
				GCC_WARN_ABOUT_RETURN_TYPE = YES_ERROR;
				GCC_WARN_UNDECLARED_SELECTOR = YES;
				GCC_WARN_UNINITIALIZED_AUTOS = YES_AGGRESSIVE;
				GCC_WARN_UNUSED_FUNCTION = YES;
				GCC_WARN_UNUSED_VARIABLE = YES;
				MTL_ENABLE_DEBUG_INFO = NO;
				MTL_FAST_MATH = YES;
				SWIFT_COMPILATION_MODE = wholemodule;
				SWIFT_OPTIMIZATION_LEVEL = "-O";
			};
			name = Release;
		};
		C34FF2DC26BA9AA0005B1C6D /* Debug */ = {
			isa = XCBuildConfiguration;
			buildSettings = {
				ASSETCATALOG_COMPILER_APPICON_NAME = AppIcon;
				ASSETCATALOG_COMPILER_GLOBAL_ACCENT_COLOR_NAME = AccentColor;
				CODE_SIGN_STYLE = Automatic;
				ENABLE_PREVIEWS = YES;
				INFOPLIST_FILE = iOS/Info.plist;
				IPHONEOS_DEPLOYMENT_TARGET = 14.0;
				LD_RUNPATH_SEARCH_PATHS = (
					"$(inherited)",
					"@executable_path/Frameworks",
				);
				PRODUCT_BUNDLE_IDENTIFIER = NileshPhadtare.DemoLikertScaleApp;
				PRODUCT_NAME = DemoLikertScaleApp;
				SDKROOT = iphoneos;
				SWIFT_VERSION = 5.0;
				TARGETED_DEVICE_FAMILY = "1,2";
			};
			name = Debug;
		};
		C34FF2DD26BA9AA0005B1C6D /* Release */ = {
			isa = XCBuildConfiguration;
			buildSettings = {
				ASSETCATALOG_COMPILER_APPICON_NAME = AppIcon;
				ASSETCATALOG_COMPILER_GLOBAL_ACCENT_COLOR_NAME = AccentColor;
				CODE_SIGN_STYLE = Automatic;
				ENABLE_PREVIEWS = YES;
				INFOPLIST_FILE = iOS/Info.plist;
				IPHONEOS_DEPLOYMENT_TARGET = 14.0;
				LD_RUNPATH_SEARCH_PATHS = (
					"$(inherited)",
					"@executable_path/Frameworks",
				);
				PRODUCT_BUNDLE_IDENTIFIER = NileshPhadtare.DemoLikertScaleApp;
				PRODUCT_NAME = DemoLikertScaleApp;
				SDKROOT = iphoneos;
				SWIFT_VERSION = 5.0;
				TARGETED_DEVICE_FAMILY = "1,2";
				VALIDATE_PRODUCT = YES;
			};
			name = Release;
		};
		C34FF2DF26BA9AA0005B1C6D /* Debug */ = {
			isa = XCBuildConfiguration;
			buildSettings = {
				ASSETCATALOG_COMPILER_APPICON_NAME = AppIcon;
				ASSETCATALOG_COMPILER_GLOBAL_ACCENT_COLOR_NAME = AccentColor;
				CODE_SIGN_ENTITLEMENTS = macOS/macOS.entitlements;
				CODE_SIGN_STYLE = Automatic;
				COMBINE_HIDPI_IMAGES = YES;
				ENABLE_PREVIEWS = YES;
				INFOPLIST_FILE = macOS/Info.plist;
				LD_RUNPATH_SEARCH_PATHS = (
					"$(inherited)",
					"@executable_path/../Frameworks",
				);
				MACOSX_DEPLOYMENT_TARGET = 11.0;
				PRODUCT_BUNDLE_IDENTIFIER = NileshPhadtare.DemoLikertScaleApp;
				PRODUCT_NAME = DemoLikertScaleApp;
				SDKROOT = macosx;
				SWIFT_VERSION = 5.0;
			};
			name = Debug;
		};
		C34FF2E026BA9AA0005B1C6D /* Release */ = {
			isa = XCBuildConfiguration;
			buildSettings = {
				ASSETCATALOG_COMPILER_APPICON_NAME = AppIcon;
				ASSETCATALOG_COMPILER_GLOBAL_ACCENT_COLOR_NAME = AccentColor;
				CODE_SIGN_ENTITLEMENTS = macOS/macOS.entitlements;
				CODE_SIGN_STYLE = Automatic;
				COMBINE_HIDPI_IMAGES = YES;
				ENABLE_PREVIEWS = YES;
				INFOPLIST_FILE = macOS/Info.plist;
				LD_RUNPATH_SEARCH_PATHS = (
					"$(inherited)",
					"@executable_path/../Frameworks",
				);
				MACOSX_DEPLOYMENT_TARGET = 11.0;
				PRODUCT_BUNDLE_IDENTIFIER = NileshPhadtare.DemoLikertScaleApp;
				PRODUCT_NAME = DemoLikertScaleApp;
				SDKROOT = macosx;
				SWIFT_VERSION = 5.0;
			};
			name = Release;
		};
/* End XCBuildConfiguration section */

/* Begin XCConfigurationList section */
		C34FF2BE26BA9A9E005B1C6D /* Build configuration list for PBXProject "DemoLikertScaleApp" */ = {
			isa = XCConfigurationList;
			buildConfigurations = (
				C34FF2D926BA9AA0005B1C6D /* Debug */,
				C34FF2DA26BA9AA0005B1C6D /* Release */,
			);
			defaultConfigurationIsVisible = 0;
			defaultConfigurationName = Release;
		};
		C34FF2DB26BA9AA0005B1C6D /* Build configuration list for PBXNativeTarget "DemoLikertScaleApp (iOS)" */ = {
			isa = XCConfigurationList;
			buildConfigurations = (
				C34FF2DC26BA9AA0005B1C6D /* Debug */,
				C34FF2DD26BA9AA0005B1C6D /* Release */,
			);
			defaultConfigurationIsVisible = 0;
			defaultConfigurationName = Release;
		};
		C34FF2DE26BA9AA0005B1C6D /* Build configuration list for PBXNativeTarget "DemoLikertScaleApp (macOS)" */ = {
			isa = XCConfigurationList;
			buildConfigurations = (
				C34FF2DF26BA9AA0005B1C6D /* Debug */,
				C34FF2E026BA9AA0005B1C6D /* Release */,
			);
			defaultConfigurationIsVisible = 0;
			defaultConfigurationName = Release;
		};
/* End XCConfigurationList section */
	};
	rootObject = C34FF2BB26BA9A9E005B1C6D /* Project object */;
}
